// !$*UTF8*$!
{
	archiveVersion = 1;
	classes = {
	};
	objectVersion = 46;
	objects = {

/* Begin PBXBuildFile section */
		A31E15741E4E1A60000D1EF5 /* AppDelegate.swift in Sources */ = {isa = PBXBuildFile; fileRef = A31E15731E4E1A60000D1EF5 /* AppDelegate.swift */; };
		A31E15791E4E1A60000D1EF5 /* Main.storyboard in Resources */ = {isa = PBXBuildFile; fileRef = A31E15771E4E1A60000D1EF5 /* Main.storyboard */; };
		A31E157B1E4E1A60000D1EF5 /* Assets.xcassets in Resources */ = {isa = PBXBuildFile; fileRef = A31E157A1E4E1A60000D1EF5 /* Assets.xcassets */; };
		A31E157E1E4E1A60000D1EF5 /* LaunchScreen.storyboard in Resources */ = {isa = PBXBuildFile; fileRef = A31E157C1E4E1A60000D1EF5 /* LaunchScreen.storyboard */; };
		A31E15891E4E1A60000D1EF5 /* breath_outTests.swift in Sources */ = {isa = PBXBuildFile; fileRef = A31E15881E4E1A60000D1EF5 /* breath_outTests.swift */; };
		A31E15941E4E1A61000D1EF5 /* breath_outUITests.swift in Sources */ = {isa = PBXBuildFile; fileRef = A31E15931E4E1A61000D1EF5 /* breath_outUITests.swift */; };
		A31E15A21E4E1AA8000D1EF5 /* BoxBreathingVC.swift in Sources */ = {isa = PBXBuildFile; fileRef = A31E15A11E4E1AA8000D1EF5 /* BoxBreathingVC.swift */; };
		A32624C01E523188009DB121 /* SettingsVC.swift in Sources */ = {isa = PBXBuildFile; fileRef = A32624BF1E523188009DB121 /* SettingsVC.swift */; };
		A32624C21E525101009DB121 /* SwitchCell.swift in Sources */ = {isa = PBXBuildFile; fileRef = A32624C11E525101009DB121 /* SwitchCell.swift */; };
		A36CADB11E609E3F00C8BDDC /* TimerCell.swift in Sources */ = {isa = PBXBuildFile; fileRef = A36CADB01E609E3F00C8BDDC /* TimerCell.swift */; };
/* End PBXBuildFile section */

/* Begin PBXContainerItemProxy section */
		A31E15851E4E1A60000D1EF5 /* PBXContainerItemProxy */ = {
			isa = PBXContainerItemProxy;
			containerPortal = A31E15681E4E1A60000D1EF5 /* Project object */;
			proxyType = 1;
			remoteGlobalIDString = A31E156F1E4E1A60000D1EF5;
			remoteInfo = "breath-out";
		};
		A31E15901E4E1A61000D1EF5 /* PBXContainerItemProxy */ = {
			isa = PBXContainerItemProxy;
			containerPortal = A31E15681E4E1A60000D1EF5 /* Project object */;
			proxyType = 1;
			remoteGlobalIDString = A31E156F1E4E1A60000D1EF5;
			remoteInfo = "breath-out";
		};
/* End PBXContainerItemProxy section */

/* Begin PBXFileReference section */
		A31E15701E4E1A60000D1EF5 /* breath-out.app */ = {isa = PBXFileReference; explicitFileType = wrapper.application; includeInIndex = 0; path = "breath-out.app"; sourceTree = BUILT_PRODUCTS_DIR; };
		A31E15731E4E1A60000D1EF5 /* AppDelegate.swift */ = {isa = PBXFileReference; lastKnownFileType = sourcecode.swift; path = AppDelegate.swift; sourceTree = "<group>"; };
		A31E15781E4E1A60000D1EF5 /* Base */ = {isa = PBXFileReference; lastKnownFileType = file.storyboard; name = Base; path = Base.lproj/Main.storyboard; sourceTree = "<group>"; };
		A31E157A1E4E1A60000D1EF5 /* Assets.xcassets */ = {isa = PBXFileReference; lastKnownFileType = folder.assetcatalog; path = Assets.xcassets; sourceTree = "<group>"; };
		A31E157D1E4E1A60000D1EF5 /* Base */ = {isa = PBXFileReference; lastKnownFileType = file.storyboard; name = Base; path = Base.lproj/LaunchScreen.storyboard; sourceTree = "<group>"; };
		A31E157F1E4E1A60000D1EF5 /* Info.plist */ = {isa = PBXFileReference; lastKnownFileType = text.plist.xml; path = Info.plist; sourceTree = "<group>"; };
		A31E15841E4E1A60000D1EF5 /* breath-outTests.xctest */ = {isa = PBXFileReference; explicitFileType = wrapper.cfbundle; includeInIndex = 0; path = "breath-outTests.xctest"; sourceTree = BUILT_PRODUCTS_DIR; };
		A31E15881E4E1A60000D1EF5 /* breath_outTests.swift */ = {isa = PBXFileReference; lastKnownFileType = sourcecode.swift; path = breath_outTests.swift; sourceTree = "<group>"; };
		A31E158A1E4E1A60000D1EF5 /* Info.plist */ = {isa = PBXFileReference; lastKnownFileType = text.plist.xml; path = Info.plist; sourceTree = "<group>"; };
		A31E158F1E4E1A61000D1EF5 /* breath-outUITests.xctest */ = {isa = PBXFileReference; explicitFileType = wrapper.cfbundle; includeInIndex = 0; path = "breath-outUITests.xctest"; sourceTree = BUILT_PRODUCTS_DIR; };
		A31E15931E4E1A61000D1EF5 /* breath_outUITests.swift */ = {isa = PBXFileReference; lastKnownFileType = sourcecode.swift; path = breath_outUITests.swift; sourceTree = "<group>"; };
		A31E15951E4E1A61000D1EF5 /* Info.plist */ = {isa = PBXFileReference; lastKnownFileType = text.plist.xml; path = Info.plist; sourceTree = "<group>"; };
		A31E15A11E4E1AA8000D1EF5 /* BoxBreathingVC.swift */ = {isa = PBXFileReference; fileEncoding = 4; lastKnownFileType = sourcecode.swift; path = BoxBreathingVC.swift; sourceTree = "<group>"; };
		A32624BF1E523188009DB121 /* SettingsVC.swift */ = {isa = PBXFileReference; fileEncoding = 4; lastKnownFileType = sourcecode.swift; path = SettingsVC.swift; sourceTree = "<group>"; };
		A32624C11E525101009DB121 /* SwitchCell.swift */ = {isa = PBXFileReference; fileEncoding = 4; lastKnownFileType = sourcecode.swift; path = SwitchCell.swift; sourceTree = "<group>"; };
		A36CADB01E609E3F00C8BDDC /* TimerCell.swift */ = {isa = PBXFileReference; fileEncoding = 4; lastKnownFileType = sourcecode.swift; path = TimerCell.swift; sourceTree = "<group>"; };
/* End PBXFileReference section */

/* Begin PBXFrameworksBuildPhase section */
		A31E156D1E4E1A60000D1EF5 /* Frameworks */ = {
			isa = PBXFrameworksBuildPhase;
			buildActionMask = 2147483647;
			files = (
			);
			runOnlyForDeploymentPostprocessing = 0;
		};
		A31E15811E4E1A60000D1EF5 /* Frameworks */ = {
			isa = PBXFrameworksBuildPhase;
			buildActionMask = 2147483647;
			files = (
			);
			runOnlyForDeploymentPostprocessing = 0;
		};
		A31E158C1E4E1A61000D1EF5 /* Frameworks */ = {
			isa = PBXFrameworksBuildPhase;
			buildActionMask = 2147483647;
			files = (
			);
			runOnlyForDeploymentPostprocessing = 0;
		};
/* End PBXFrameworksBuildPhase section */

/* Begin PBXGroup section */
		A31E15671E4E1A60000D1EF5 = {
			isa = PBXGroup;
			children = (
				A31E15721E4E1A60000D1EF5 /* breath-out */,
				A31E15871E4E1A60000D1EF5 /* breath-outTests */,
				A31E15921E4E1A61000D1EF5 /* breath-outUITests */,
				A31E15711E4E1A60000D1EF5 /* Products */,
			);
			sourceTree = "<group>";
		};
		A31E15711E4E1A60000D1EF5 /* Products */ = {
			isa = PBXGroup;
			children = (
				A31E15701E4E1A60000D1EF5 /* breath-out.app */,
				A31E15841E4E1A60000D1EF5 /* breath-outTests.xctest */,
				A31E158F1E4E1A61000D1EF5 /* breath-outUITests.xctest */,
			);
			name = Products;
			sourceTree = "<group>";
		};
		A31E15721E4E1A60000D1EF5 /* breath-out */ = {
			isa = PBXGroup;
			children = (
				A31E15731E4E1A60000D1EF5 /* AppDelegate.swift */,
				A31E15771E4E1A60000D1EF5 /* Main.storyboard */,
				A32624C11E525101009DB121 /* SwitchCell.swift */,
				A36CADB01E609E3F00C8BDDC /* TimerCell.swift */,
				A31E15A11E4E1AA8000D1EF5 /* BoxBreathingVC.swift */,
				A32624BF1E523188009DB121 /* SettingsVC.swift */,
				A31E157A1E4E1A60000D1EF5 /* Assets.xcassets */,
				A31E157C1E4E1A60000D1EF5 /* LaunchScreen.storyboard */,
				A31E157F1E4E1A60000D1EF5 /* Info.plist */,
			);
			path = "breath-out";
			sourceTree = "<group>";
		};
		A31E15871E4E1A60000D1EF5 /* breath-outTests */ = {
			isa = PBXGroup;
			children = (
				A31E15881E4E1A60000D1EF5 /* breath_outTests.swift */,
				A31E158A1E4E1A60000D1EF5 /* Info.plist */,
			);
			path = "breath-outTests";
			sourceTree = "<group>";
		};
		A31E15921E4E1A61000D1EF5 /* breath-outUITests */ = {
			isa = PBXGroup;
			children = (
				A31E15931E4E1A61000D1EF5 /* breath_outUITests.swift */,
				A31E15951E4E1A61000D1EF5 /* Info.plist */,
			);
			path = "breath-outUITests";
			sourceTree = "<group>";
		};
/* End PBXGroup section */

/* Begin PBXNativeTarget section */
		A31E156F1E4E1A60000D1EF5 /* breath-out */ = {
			isa = PBXNativeTarget;
			buildConfigurationList = A31E15981E4E1A61000D1EF5 /* Build configuration list for PBXNativeTarget "breath-out" */;
			buildPhases = (
				A31E156C1E4E1A60000D1EF5 /* Sources */,
				A31E156D1E4E1A60000D1EF5 /* Frameworks */,
				A31E156E1E4E1A60000D1EF5 /* Resources */,
			);
			buildRules = (
			);
			dependencies = (
			);
			name = "breath-out";
			productName = "breath-out";
			productReference = A31E15701E4E1A60000D1EF5 /* breath-out.app */;
			productType = "com.apple.product-type.application";
		};
		A31E15831E4E1A60000D1EF5 /* breath-outTests */ = {
			isa = PBXNativeTarget;
			buildConfigurationList = A31E159B1E4E1A61000D1EF5 /* Build configuration list for PBXNativeTarget "breath-outTests" */;
			buildPhases = (
				A31E15801E4E1A60000D1EF5 /* Sources */,
				A31E15811E4E1A60000D1EF5 /* Frameworks */,
				A31E15821E4E1A60000D1EF5 /* Resources */,
			);
			buildRules = (
			);
			dependencies = (
				A31E15861E4E1A60000D1EF5 /* PBXTargetDependency */,
			);
			name = "breath-outTests";
			productName = "breath-outTests";
			productReference = A31E15841E4E1A60000D1EF5 /* breath-outTests.xctest */;
			productType = "com.apple.product-type.bundle.unit-test";
		};
		A31E158E1E4E1A61000D1EF5 /* breath-outUITests */ = {
			isa = PBXNativeTarget;
			buildConfigurationList = A31E159E1E4E1A61000D1EF5 /* Build configuration list for PBXNativeTarget "breath-outUITests" */;
			buildPhases = (
				A31E158B1E4E1A61000D1EF5 /* Sources */,
				A31E158C1E4E1A61000D1EF5 /* Frameworks */,
				A31E158D1E4E1A61000D1EF5 /* Resources */,
			);
			buildRules = (
			);
			dependencies = (
				A31E15911E4E1A61000D1EF5 /* PBXTargetDependency */,
			);
			name = "breath-outUITests";
			productName = "breath-outUITests";
			productReference = A31E158F1E4E1A61000D1EF5 /* breath-outUITests.xctest */;
			productType = "com.apple.product-type.bundle.ui-testing";
		};
/* End PBXNativeTarget section */

/* Begin PBXProject section */
		A31E15681E4E1A60000D1EF5 /* Project object */ = {
			isa = PBXProject;
			attributes = {
				LastSwiftUpdateCheck = 0820;
				LastUpgradeCheck = 0820;
				ORGANIZATIONNAME = "Julia Gao Miller";
				TargetAttributes = {
					A31E156F1E4E1A60000D1EF5 = {
						CreatedOnToolsVersion = 8.2.1;
						DevelopmentTeam = NSX3E7ME62;
						ProvisioningStyle = Automatic;
					};
					A31E15831E4E1A60000D1EF5 = {
						CreatedOnToolsVersion = 8.2.1;
						ProvisioningStyle = Automatic;
						TestTargetID = A31E156F1E4E1A60000D1EF5;
					};
					A31E158E1E4E1A61000D1EF5 = {
						CreatedOnToolsVersion = 8.2.1;
						ProvisioningStyle = Automatic;
						TestTargetID = A31E156F1E4E1A60000D1EF5;
					};
				};
			};
			buildConfigurationList = A31E156B1E4E1A60000D1EF5 /* Build configuration list for PBXProject "breath-out" */;
			compatibilityVersion = "Xcode 3.2";
			developmentRegion = English;
			hasScannedForEncodings = 0;
			knownRegions = (
				en,
				Base,
			);
			mainGroup = A31E15671E4E1A60000D1EF5;
			productRefGroup = A31E15711E4E1A60000D1EF5 /* Products */;
			projectDirPath = "";
			projectRoot = "";
			targets = (
				A31E156F1E4E1A60000D1EF5 /* breath-out */,
				A31E15831E4E1A60000D1EF5 /* breath-outTests */,
				A31E158E1E4E1A61000D1EF5 /* breath-outUITests */,
			);
		};
/* End PBXProject section */

/* Begin PBXResourcesBuildPhase section */
		A31E156E1E4E1A60000D1EF5 /* Resources */ = {
			isa = PBXResourcesBuildPhase;
			buildActionMask = 2147483647;
			files = (
				A31E157E1E4E1A60000D1EF5 /* LaunchScreen.storyboard in Resources */,
				A31E157B1E4E1A60000D1EF5 /* Assets.xcassets in Resources */,
				A31E15791E4E1A60000D1EF5 /* Main.storyboard in Resources */,
			);
			runOnlyForDeploymentPostprocessing = 0;
		};
		A31E15821E4E1A60000D1EF5 /* Resources */ = {
			isa = PBXResourcesBuildPhase;
			buildActionMask = 2147483647;
			files = (
			);
			runOnlyForDeploymentPostprocessing = 0;
		};
		A31E158D1E4E1A61000D1EF5 /* Resources */ = {
			isa = PBXResourcesBuildPhase;
			buildActionMask = 2147483647;
			files = (
			);
			runOnlyForDeploymentPostprocessing = 0;
		};
/* End PBXResourcesBuildPhase section */

/* Begin PBXSourcesBuildPhase section */
		A31E156C1E4E1A60000D1EF5 /* Sources */ = {
			isa = PBXSourcesBuildPhase;
			buildActionMask = 2147483647;
			files = (
				A31E15741E4E1A60000D1EF5 /* AppDelegate.swift in Sources */,
				A32624C21E525101009DB121 /* SwitchCell.swift in Sources */,
				A31E15A21E4E1AA8000D1EF5 /* BoxBreathingVC.swift in Sources */,
				A32624C01E523188009DB121 /* SettingsVC.swift in Sources */,
				A36CADB11E609E3F00C8BDDC /* TimerCell.swift in Sources */,
			);
			runOnlyForDeploymentPostprocessing = 0;
		};
		A31E15801E4E1A60000D1EF5 /* Sources */ = {
			isa = PBXSourcesBuildPhase;
			buildActionMask = 2147483647;
			files = (
				A31E15891E4E1A60000D1EF5 /* breath_outTests.swift in Sources */,
			);
			runOnlyForDeploymentPostprocessing = 0;
		};
		A31E158B1E4E1A61000D1EF5 /* Sources */ = {
			isa = PBXSourcesBuildPhase;
			buildActionMask = 2147483647;
			files = (
				A31E15941E4E1A61000D1EF5 /* breath_outUITests.swift in Sources */,
			);
			runOnlyForDeploymentPostprocessing = 0;
		};
/* End PBXSourcesBuildPhase section */

/* Begin PBXTargetDependency section */
		A31E15861E4E1A60000D1EF5 /* PBXTargetDependency */ = {
			isa = PBXTargetDependency;
			target = A31E156F1E4E1A60000D1EF5 /* breath-out */;
			targetProxy = A31E15851E4E1A60000D1EF5 /* PBXContainerItemProxy */;
		};
		A31E15911E4E1A61000D1EF5 /* PBXTargetDependency */ = {
			isa = PBXTargetDependency;
			target = A31E156F1E4E1A60000D1EF5 /* breath-out */;
			targetProxy = A31E15901E4E1A61000D1EF5 /* PBXContainerItemProxy */;
		};
/* End PBXTargetDependency section */

/* Begin PBXVariantGroup section */
		A31E15771E4E1A60000D1EF5 /* Main.storyboard */ = {
			isa = PBXVariantGroup;
			children = (
				A31E15781E4E1A60000D1EF5 /* Base */,
			);
			name = Main.storyboard;
			sourceTree = "<group>";
		};
		A31E157C1E4E1A60000D1EF5 /* LaunchScreen.storyboard */ = {
			isa = PBXVariantGroup;
			children = (
				A31E157D1E4E1A60000D1EF5 /* Base */,
			);
			name = LaunchScreen.storyboard;
			sourceTree = "<group>";
		};
/* End PBXVariantGroup section */

/* Begin XCBuildConfiguration section */
		A31E15961E4E1A61000D1EF5 /* Debug */ = {
			isa = XCBuildConfiguration;
			buildSettings = {
				ALWAYS_SEARCH_USER_PATHS = NO;
				CLANG_ANALYZER_NONNULL = YES;
				CLANG_CXX_LANGUAGE_STANDARD = "gnu++0x";
				CLANG_CXX_LIBRARY = "libc++";
				CLANG_ENABLE_MODULES = YES;
				CLANG_ENABLE_OBJC_ARC = YES;
				CLANG_WARN_BOOL_CONVERSION = YES;
				CLANG_WARN_CONSTANT_CONVERSION = YES;
				CLANG_WARN_DIRECT_OBJC_ISA_USAGE = YES_ERROR;
				CLANG_WARN_DOCUMENTATION_COMMENTS = YES;
				CLANG_WARN_EMPTY_BODY = YES;
				CLANG_WARN_ENUM_CONVERSION = YES;
				CLANG_WARN_INFINITE_RECURSION = YES;
				CLANG_WARN_INT_CONVERSION = YES;
				CLANG_WARN_OBJC_ROOT_CLASS = YES_ERROR;
				CLANG_WARN_SUSPICIOUS_MOVE = YES;
				CLANG_WARN_UNREACHABLE_CODE = YES;
				CLANG_WARN__DUPLICATE_METHOD_MATCH = YES;
				"CODE_SIGN_IDENTITY[sdk=iphoneos*]" = "iPhone Developer";
				COPY_PHASE_STRIP = NO;
				DEBUG_INFORMATION_FORMAT = dwarf;
				ENABLE_STRICT_OBJC_MSGSEND = YES;
				ENABLE_TESTABILITY = YES;
				GCC_C_LANGUAGE_STANDARD = gnu99;
				GCC_DYNAMIC_NO_PIC = NO;
				GCC_NO_COMMON_BLOCKS = YES;
				GCC_OPTIMIZATION_LEVEL = 0;
				GCC_PREPROCESSOR_DEFINITIONS = (
					"DEBUG=1",
					"$(inherited)",
				);
				GCC_WARN_64_TO_32_BIT_CONVERSION = YES;
				GCC_WARN_ABOUT_RETURN_TYPE = YES_ERROR;
				GCC_WARN_UNDECLARED_SELECTOR = YES;
				GCC_WARN_UNINITIALIZED_AUTOS = YES_AGGRESSIVE;
				GCC_WARN_UNUSED_FUNCTION = YES;
				GCC_WARN_UNUSED_VARIABLE = YES;
				IPHONEOS_DEPLOYMENT_TARGET = 10.2;
				MTL_ENABLE_DEBUG_INFO = YES;
				ONLY_ACTIVE_ARCH = YES;
				SDKROOT = iphoneos;
				SWIFT_ACTIVE_COMPILATION_CONDITIONS = DEBUG;
				SWIFT_OPTIMIZATION_LEVEL = "-Onone";
				TARGETED_DEVICE_FAMILY = "1,2";
			};
			name = Debug;
		};
		A31E15971E4E1A61000D1EF5 /* Release */ = {
			isa = XCBuildConfiguration;
			buildSettings = {
				ALWAYS_SEARCH_USER_PATHS = NO;
				CLANG_ANALYZER_NONNULL = YES;
				CLANG_CXX_LANGUAGE_STANDARD = "gnu++0x";
				CLANG_CXX_LIBRARY = "libc++";
				CLANG_ENABLE_MODULES = YES;
				CLANG_ENABLE_OBJC_ARC = YES;
				CLANG_WARN_BOOL_CONVERSION = YES;
				CLANG_WARN_CONSTANT_CONVERSION = YES;
				CLANG_WARN_DIRECT_OBJC_ISA_USAGE = YES_ERROR;
				CLANG_WARN_DOCUMENTATION_COMMENTS = YES;
				CLANG_WARN_EMPTY_BODY = YES;
				CLANG_WARN_ENUM_CONVERSION = YES;
				CLANG_WARN_INFINITE_RECURSION = YES;
				CLANG_WARN_INT_CONVERSION = YES;
				CLANG_WARN_OBJC_ROOT_CLASS = YES_ERROR;
				CLANG_WARN_SUSPICIOUS_MOVE = YES;
				CLANG_WARN_UNREACHABLE_CODE = YES;
				CLANG_WARN__DUPLICATE_METHOD_MATCH = YES;
				"CODE_SIGN_IDENTITY[sdk=iphoneos*]" = "iPhone Developer";
				COPY_PHASE_STRIP = NO;
				DEBUG_INFORMATION_FORMAT = "dwarf-with-dsym";
				ENABLE_NS_ASSERTIONS = NO;
				ENABLE_STRICT_OBJC_MSGSEND = YES;
				GCC_C_LANGUAGE_STANDARD = gnu99;
				GCC_NO_COMMON_BLOCKS = YES;
				GCC_WARN_64_TO_32_BIT_CONVERSION = YES;
				GCC_WARN_ABOUT_RETURN_TYPE = YES_ERROR;
				GCC_WARN_UNDECLARED_SELECTOR = YES;
				GCC_WARN_UNINITIALIZED_AUTOS = YES_AGGRESSIVE;
				GCC_WARN_UNUSED_FUNCTION = YES;
				GCC_WARN_UNUSED_VARIABLE = YES;
				IPHONEOS_DEPLOYMENT_TARGET = 10.2;
				MTL_ENABLE_DEBUG_INFO = NO;
				SDKROOT = iphoneos;
				SWIFT_OPTIMIZATION_LEVEL = "-Owholemodule";
				TARGETED_DEVICE_FAMILY = "1,2";
				VALIDATE_PRODUCT = YES;
			};
			name = Release;
		};
		A31E15991E4E1A61000D1EF5 /* Debug */ = {
			isa = XCBuildConfiguration;
			buildSettings = {
				ASSETCATALOG_COMPILER_APPICON_NAME = AppIcon;
				DEVELOPMENT_TEAM = NSX3E7ME62;
				INFOPLIST_FILE = "breath-out/Info.plist";
				LD_RUNPATH_SEARCH_PATHS = "$(inherited) @executable_path/Frameworks";
				PRODUCT_BUNDLE_IDENTIFIER = "juliagaomiller.breath-out";
				PRODUCT_NAME = "$(TARGET_NAME)";
				SWIFT_VERSION = 3.0;
				TARGETED_DEVICE_FAMILY = 1;
			};
			name = Debug;
		};
		A31E159A1E4E1A61000D1EF5 /* Release */ = {
			isa = XCBuildConfiguration;
			buildSettings = {
				ASSETCATALOG_COMPILER_APPICON_NAME = AppIcon;
				DEVELOPMENT_TEAM = NSX3E7ME62;
				INFOPLIST_FILE = "breath-out/Info.plist";
				LD_RUNPATH_SEARCH_PATHS = "$(inherited) @executable_path/Frameworks";
				PRODUCT_BUNDLE_IDENTIFIER = "juliagaomiller.breath-out";
				PRODUCT_NAME = "$(TARGET_NAME)";
				SWIFT_VERSION = 3.0;
				TARGETED_DEVICE_FAMILY = 1;
			};
			name = Release;
		};
		A31E159C1E4E1A61000D1EF5 /* Debug */ = {
			isa = XCBuildConfiguration;
			buildSettings = {
				ALWAYS_EMBED_SWIFT_STANDARD_LIBRARIES = YES;
				BUNDLE_LOADER = "$(TEST_HOST)";
				INFOPLIST_FILE = "breath-outTests/Info.plist";
				LD_RUNPATH_SEARCH_PATHS = "$(inherited) @executable_path/Frameworks @loader_path/Frameworks";
				PRODUCT_BUNDLE_IDENTIFIER = "juliagaomiller.breath-outTests";
				PRODUCT_NAME = "$(TARGET_NAME)";
				SWIFT_VERSION = 3.0;
				TEST_HOST = "$(BUILT_PRODUCTS_DIR)/breath-out.app/breath-out";
			};
			name = Debug;
		};
		A31E159D1E4E1A61000D1EF5 /* Release */ = {
			isa = XCBuildConfiguration;
			buildSettings = {
				ALWAYS_EMBED_SWIFT_STANDARD_LIBRARIES = YES;
				BUNDLE_LOADER = "$(TEST_HOST)";
				INFOPLIST_FILE = "breath-outTests/Info.plist";
				LD_RUNPATH_SEARCH_PATHS = "$(inherited) @executable_path/Frameworks @loader_path/Frameworks";
				PRODUCT_BUNDLE_IDENTIFIER = "juliagaomiller.breath-outTests";
				PRODUCT_NAME = "$(TARGET_NAME)";
				SWIFT_VERSION = 3.0;
				TEST_HOST = "$(BUILT_PRODUCTS_DIR)/breath-out.app/breath-out";
			};
			name = Release;
		};
		A31E159F1E4E1A61000D1EF5 /* Debug */ = {
			isa = XCBuildConfiguration;
			buildSettings = {
				ALWAYS_EMBED_SWIFT_STANDARD_LIBRARIES = YES;
				INFOPLIST_FILE = "breath-outUITests/Info.plist";
				LD_RUNPATH_SEARCH_PATHS = "$(inherited) @executable_path/Frameworks @loader_path/Frameworks";
				PRODUCT_BUNDLE_IDENTIFIER = "juliagaomiller.breath-outUITests";
				PRODUCT_NAME = "$(TARGET_NAME)";
				SWIFT_VERSION = 3.0;
				TEST_TARGET_NAME = "breath-out";
			};
			name = Debug;
		};
		A31E15A01E4E1A61000D1EF5 /* Release */ = {
			isa = XCBuildConfiguration;
			buildSettings = {
				ALWAYS_EMBED_SWIFT_STANDARD_LIBRARIES = YES;
				INFOPLIST_FILE = "breath-outUITests/Info.plist";
				LD_RUNPATH_SEARCH_PATHS = "$(inherited) @executable_path/Frameworks @loader_path/Frameworks";
				PRODUCT_BUNDLE_IDENTIFIER = "juliagaomiller.breath-outUITests";
				PRODUCT_NAME = "$(TARGET_NAME)";
				SWIFT_VERSION = 3.0;
				TEST_TARGET_NAME = "breath-out";
			};
			name = Release;
		};
/* End XCBuildConfiguration section */

/* Begin XCConfigurationList section */
		A31E156B1E4E1A60000D1EF5 /* Build configuration list for PBXProject "breath-out" */ = {
			isa = XCConfigurationList;
			buildConfigurations = (
				A31E15961E4E1A61000D1EF5 /* Debug */,
				A31E15971E4E1A61000D1EF5 /* Release */,
			);
			defaultConfigurationIsVisible = 0;
			defaultConfigurationName = Release;
		};
		A31E15981E4E1A61000D1EF5 /* Build configuration list for PBXNativeTarget "breath-out" */ = {
			isa = XCConfigurationList;
			buildConfigurations = (
				A31E15991E4E1A61000D1EF5 /* Debug */,
				A31E159A1E4E1A61000D1EF5 /* Release */,
			);
			defaultConfigurationIsVisible = 0;
			defaultConfigurationName = Release;
		};
		A31E159B1E4E1A61000D1EF5 /* Build configuration list for PBXNativeTarget "breath-outTests" */ = {
			isa = XCConfigurationList;
			buildConfigurations = (
				A31E159C1E4E1A61000D1EF5 /* Debug */,
				A31E159D1E4E1A61000D1EF5 /* Release */,
			);
			defaultConfigurationIsVisible = 0;
			defaultConfigurationName = Release;
		};
		A31E159E1E4E1A61000D1EF5 /* Build configuration list for PBXNativeTarget "breath-outUITests" */ = {
			isa = XCConfigurationList;
			buildConfigurations = (
				A31E159F1E4E1A61000D1EF5 /* Debug */,
				A31E15A01E4E1A61000D1EF5 /* Release */,
			);
			defaultConfigurationIsVisible = 0;
			defaultConfigurationName = Release;
		};
/* End XCConfigurationList section */
	};
	rootObject = A31E15681E4E1A60000D1EF5 /* Project object */;
}
